
Microsoft Visual Studio Solution File, Format Version 12.00
# Visual Studio 15
VisualStudioVersion = 15.0.28307.271
MinimumVisualStudioVersion = 10.0.40219.1
Project("{9A19103F-16F7-4668-BE54-9A1E7A4F7556}") = "MusicLibrary", "MusicLibrary\MusicLibrary.csproj", "{9B139641-6B20-4BDC-A89E-F05C78321E5B}"
EndProject
Project("{FAE04EC0-301F-11D3-BF4B-00C04F79EFBC}") = "MusicLibrary.Tests", "MusicLibrary.Tests\MusicLibrary.Tests.csproj", "{FFD18FFC-08D4-448A-A851-B0E5D7A12462}"
EndProject
Global
	GlobalSection(SolutionConfigurationPlatforms) = preSolution
		Debug|Any CPU = Debug|Any CPU
		Release|Any CPU = Release|Any CPU
	EndGlobalSection
	GlobalSection(ProjectConfigurationPlatforms) = postSolution
		{9B139641-6B20-4BDC-A89E-F05C78321E5B}.Debug|Any CPU.ActiveCfg = Debug|Any CPU
		{9B139641-6B20-4BDC-A89E-F05C78321E5B}.Debug|Any CPU.Build.0 = Debug|Any CPU
		{9B139641-6B20-4BDC-A89E-F05C78321E5B}.Release|Any CPU.ActiveCfg = Release|Any CPU
		{9B139641-6B20-4BDC-A89E-F05C78321E5B}.Release|Any CPU.Build.0 = Release|Any CPU
		{FFD18FFC-08D4-448A-A851-B0E5D7A12462}.Debug|Any CPU.ActiveCfg = Debug|Any CPU
		{FFD18FFC-08D4-448A-A851-B0E5D7A12462}.Debug|Any CPU.Build.0 = Debug|Any CPU
		{FFD18FFC-08D4-448A-A851-B0E5D7A12462}.Release|Any CPU.ActiveCfg = Release|Any CPU
		{FFD18FFC-08D4-448A-A851-B0E5D7A12462}.Release|Any CPU.Build.0 = Release|Any CPU
	EndGlobalSection
	GlobalSection(SolutionProperties) = preSolution
		HideSolutionNode = FALSE
	EndGlobalSection
	GlobalSection(ExtensibilityGlobals) = postSolution
		SolutionGuid = {7A59049B-DCE0-4A82-9669-B1E51039812B}
	EndGlobalSection
EndGlobal
